
Microsoft Visual Studio Solution File, Format Version 12.00
# Visual Studio Version 16
VisualStudioVersion = 16.0.31410.357
MinimumVisualStudioVersion = 10.0.40219.1
Project("{9A19103F-16F7-4668-BE54-9A1E7A4F7556}") = "WebUI", "WebUI\WebUI.csproj", "{48BBDBE2-9FAF-41AB-81E2-05BF0EFDD85D}"
EndProject
Project("{9A19103F-16F7-4668-BE54-9A1E7A4F7556}") = "Entities", "Entities\Entities.csproj", "{64B25083-D317-4AD1-A557-F0583B85748E}"
EndProject
Project("{9A19103F-16F7-4668-BE54-9A1E7A4F7556}") = "DataAccess", "DataAccess\DataAccess.csproj", "{318E2601-9028-4F4D-98FA-E8337B88C08F}"
EndProject
Project("{9A19103F-16F7-4668-BE54-9A1E7A4F7556}") = "Core", "..\..\..\..\..\repolar\RentaCarBackend\Core\Core.csproj", "{3EE5331B-2FC5-454A-A87F-5E4653A5CB2D}"
EndProject
Project("{FAE04EC0-301F-11D3-BF4B-00C04F79EFBC}") = "Business", "Business\Business.csproj", "{6A826B45-78D4-44FD-8DA4-1D839AF893E1}"
EndProject
Global
	GlobalSection(SolutionConfigurationPlatforms) = preSolution
		Debug|Any CPU = Debug|Any CPU
		Release|Any CPU = Release|Any CPU
	EndGlobalSection
	GlobalSection(ProjectConfigurationPlatforms) = postSolution
		{48BBDBE2-9FAF-41AB-81E2-05BF0EFDD85D}.Debug|Any CPU.ActiveCfg = Debug|Any CPU
		{48BBDBE2-9FAF-41AB-81E2-05BF0EFDD85D}.Debug|Any CPU.Build.0 = Debug|Any CPU
		{48BBDBE2-9FAF-41AB-81E2-05BF0EFDD85D}.Release|Any CPU.ActiveCfg = Release|Any CPU
		{48BBDBE2-9FAF-41AB-81E2-05BF0EFDD85D}.Release|Any CPU.Build.0 = Release|Any CPU
		{64B25083-D317-4AD1-A557-F0583B85748E}.Debug|Any CPU.ActiveCfg = Debug|Any CPU
		{64B25083-D317-4AD1-A557-F0583B85748E}.Debug|Any CPU.Build.0 = Debug|Any CPU
		{64B25083-D317-4AD1-A557-F0583B85748E}.Release|Any CPU.ActiveCfg = Release|Any CPU
		{64B25083-D317-4AD1-A557-F0583B85748E}.Release|Any CPU.Build.0 = Release|Any CPU
		{318E2601-9028-4F4D-98FA-E8337B88C08F}.Debug|Any CPU.ActiveCfg = Debug|Any CPU
		{318E2601-9028-4F4D-98FA-E8337B88C08F}.Debug|Any CPU.Build.0 = Debug|Any CPU
		{318E2601-9028-4F4D-98FA-E8337B88C08F}.Release|Any CPU.ActiveCfg = Release|Any CPU
		{318E2601-9028-4F4D-98FA-E8337B88C08F}.Release|Any CPU.Build.0 = Release|Any CPU
		{3EE5331B-2FC5-454A-A87F-5E4653A5CB2D}.Debug|Any CPU.ActiveCfg = Debug|Any CPU
		{3EE5331B-2FC5-454A-A87F-5E4653A5CB2D}.Debug|Any CPU.Build.0 = Debug|Any CPU
		{3EE5331B-2FC5-454A-A87F-5E4653A5CB2D}.Release|Any CPU.ActiveCfg = Release|Any CPU
		{3EE5331B-2FC5-454A-A87F-5E4653A5CB2D}.Release|Any CPU.Build.0 = Release|Any CPU
		{6A826B45-78D4-44FD-8DA4-1D839AF893E1}.Debug|Any CPU.ActiveCfg = Debug|Any CPU
		{6A826B45-78D4-44FD-8DA4-1D839AF893E1}.Debug|Any CPU.Build.0 = Debug|Any CPU
		{6A826B45-78D4-44FD-8DA4-1D839AF893E1}.Release|Any CPU.ActiveCfg = Release|Any CPU
		{6A826B45-78D4-44FD-8DA4-1D839AF893E1}.Release|Any CPU.Build.0 = Release|Any CPU
	EndGlobalSection
	GlobalSection(SolutionProperties) = preSolution
		HideSolutionNode = FALSE
	EndGlobalSection
	GlobalSection(ExtensibilityGlobals) = postSolution
		SolutionGuid = {0724C6B7-1864-4474-B4EA-C0B44126B5DC}
	EndGlobalSection
EndGlobal
